
Microsoft Visual Studio Solution File, Format Version 12.00
# Visual Studio Version 17
VisualStudioVersion = 17.5.33516.290
MinimumVisualStudioVersion = 10.0.40219.1
Project("{FAE04EC0-301F-11D3-BF4B-00C04F79EFBC}") = "test123", "test123.csproj", "{B910856A-12FE-4F96-AA8B-BCA0EF0D28E6}"
EndProject
Global
	GlobalSection(SolutionConfigurationPlatforms) = preSolution
		Debug|Any CPU = Debug|Any CPU
		Release|Any CPU = Release|Any CPU
	EndGlobalSection
	GlobalSection(ProjectConfigurationPlatforms) = postSolution
		{B910856A-12FE-4F96-AA8B-BCA0EF0D28E6}.Debug|Any CPU.ActiveCfg = Debug|Any CPU
		{B910856A-12FE-4F96-AA8B-BCA0EF0D28E6}.Debug|Any CPU.Build.0 = Debug|Any CPU
		{B910856A-12FE-4F96-AA8B-BCA0EF0D28E6}.Release|Any CPU.ActiveCfg = Release|Any CPU
		{B910856A-12FE-4F96-AA8B-BCA0EF0D28E6}.Release|Any CPU.Build.0 = Release|Any CPU
	EndGlobalSection
	GlobalSection(SolutionProperties) = preSolution
		HideSolutionNode = FALSE
	EndGlobalSection
	GlobalSection(ExtensibilityGlobals) = postSolution
		SolutionGuid = {1228E0F9-CC24-478D-A108-A20241EB1806}
	EndGlobalSection
EndGlobal
